# This file was autogenerated by Stack.
# You should not edit this file by hand.
# For more information, please see the documentation at:
#   https://docs.haskellstack.org/en/stable/lock_files

packages:
- completed:
    name: project-m36
    version: 0.9.3
    git: https://github.com/agentm/project-m36.git
    pantry-tree:
      size: 16966
      sha256: d3da92b14d704b52ffe8b19d652465763b080ba43e2fba3f19a1eb149c6bbceb
    commit: c3fbbeba126427ba8086c0359f751c3336f7dce9
  original:
    git: https://github.com/agentm/project-m36.git
    commit: c3fbbeba126427ba8086c0359f751c3336f7dce9
- completed:
    name: curryer-rpc
    version: '0.1'
    git: https://github.com/agentm/curryer.git
    pantry-tree:
      size: 927
      sha256: e8049a2ff029b904eb473cc2ec0bdd2a82658d03f097822e1cf749be18f569b7
    commit: 74ecaac619ad1165a4517d5c0f4e530493bda130
  original:
    git: https://github.com/agentm/curryer.git
    commit: 74ecaac619ad1165a4517d5c0f4e530493bda130
- completed:
    name: streamly
    version: 0.7.2
    git: https://github.com/composewell/streamly.git
    pantry-tree:
      size: 17604
      sha256: 20359255e387d7403fa65418723b6407e2b5b323d51480301284818bc1f4e088
    commit: ac3af8749194f1788704dda8667d0b3807075cc2
  original:
    git: https://github.com/composewell/streamly.git
    commit: ac3af8749194f1788704dda8667d0b3807075cc2
- completed:
    hackage: fast-builder-0.1.2.1@sha256:6e3148d9ac21e5ec900fa59d1d65322e6b4c0491f19b53bdbe093186a519eb9f,2791
    pantry-tree:
      size: 986
      sha256: 6b1f7822bdc4b8905fd871929f5ecc5a337588f83d858079abce3b6393c6d1e4
  original:
    hackage: fast-builder-0.1.2.1
- completed:
    hackage: winery-1.3.2@sha256:c2289c82301a69df026c86ea31f14d76509309c30fb29fe7e7712ec45d36c2cc,2677
    pantry-tree:
      size: 992
      sha256: 246c603e35fe88af4c8d82ff6c4e1f515d3c0ee0e277afd67100ec1da0e730f2
  original:
    hackage: winery-1.3.2
- completed:
    hackage: barbies-2.0.2.0@sha256:fa6656b45c40f7d4ab1764d078c6878f37d37fab7f7135c061e9a5baa67943c0,4407
    pantry-tree:
      size: 4426
      sha256: 5aa3ff178fe56b21250543384e8482de13f35ef57a06943178382b0f2e3eca24
  original:
    hackage: barbies-2.0.2.0
- completed:
    hackage: barbies-th-0.1.7@sha256:b3700ac28d5bdee9a28ed58fe1a91f6e512ed14cd5cebb032cc3d84071253383,1085
    pantry-tree:
      size: 427
      sha256: 3896504873a0eb5d1bebc9528a67778869cdbc6899585518e86a917a5cf65421
  original:
    hackage: barbies-th-0.1.7
- completed:
    hackage: extended-reals-0.2.3.0@sha256:2694233d6dc56b9c2e81b51f7f79b5b3d7e8027ce2352f5422083c3a69eea0e2,1563
    pantry-tree:
      size: 398
      sha256: bccf940d781f472497b5d43883dc4abc5bcabfed4c91c5f97ea91ac2cfe80b0b
  original:
    hackage: extended-reals-0.2.3.0
- completed:
    hackage: data-interval-2.0.1@sha256:e5a8705d15a14d56791fbc1cdb90fdcc434bc084f938c096e70a3194a442b444,2393
    pantry-tree:
      size: 1136
      sha256: 154bdaed0d5bae64579c9f178fc412f678d5a2a9991e29c5c808331e42c681b3
  original:
    hackage: data-interval-2.0.1
- completed:
    hackage: stm-containers-1.1.0.4@sha256:f83a683357b6e3b1dda3e70d2077a37224ed534df1f74c4e11f3f6daa7945c5b,3248
    pantry-tree:
      size: 761
      sha256: 059c5a2d657d392aca0a887648f57380d6321734dc8879c056a44d4414308ac6
  original:
    hackage: stm-containers-1.1.0.4
- completed:
    hackage: stm-hamt-1.2.0.4@sha256:7957497c022554b7599e790696d1a3e56359ad99e5da36a251894c626ca1f60a,3970
    pantry-tree:
      size: 1009
      sha256: d9a8be48da86bd4a2ba9d52ea29b9a74f1b686d439ba1bbfba04ab1a002391da
  original:
    hackage: stm-hamt-1.2.0.4
- completed:
    hackage: rset-1.0.0@sha256:5a66770d08ddf10f7ab3aeddd03bafe5859daa403df939f1332ae30267e74939,1643
    pantry-tree:
      size: 741
      sha256: 3bb4cf0b5df0c591934ea0f426479749cab8da61db7d6b3c8cceb9d075b83038
  original:
    hackage: rset-1.0.0
- completed:
    hackage: hashable-time-0.2.0.2@sha256:33afaa7b1d5bb2dfc2a870b4ff04b0df3d14aa2cc2b741f685f9d901d05427b7,1095
    pantry-tree:
      size: 271
      sha256: be77b7ead9b4f84908ddeb4ddccbc6c1226ff3ebfa26c5204d2b2f98a138c61b
  original:
    hackage: hashable-time-0.2.0.2
- completed:
    hackage: network-transport-tcp-0.7.0@sha256:b526d26714bd7f43222e552fdd35f4f9fa7e7753c460ee41ea9a94495b90f9b5,3399
    pantry-tree:
      size: 651
      sha256: 2f3c9be08bea90fcc95b4c88af50abb5892d0de2bbe0cd04e12ac8985ac4ac6c
  original:
    hackage: network-transport-tcp-0.7.0
- completed:
    hackage: megaparsec-7.0.5@sha256:45e1f1348fab2783646fdb4d9e6097568981a740951c7356d36d794e2baba305,3902
    pantry-tree:
      size: 1428
      sha256: 1f8baf6e07326f8c8a2dd31de6b2860427f158b0892c52ba5fe9ffeb6cd3bf7f
  original:
    hackage: megaparsec-7.0.5
- completed:
    hackage: network-2.8.0.1@sha256:0f165dffa752d8cde30c2bde86f80609c4f1dc5eeb3182d593041f97839c5b3b,3011
    pantry-tree:
      size: 2488
      sha256: 2dbdda2225969dcd452d983a2ac7e52341e5fc1df76103342c9fac08fc686931
  original:
    hackage: network-2.8.0.1
- completed:
    hackage: primitive-extras-0.8@sha256:fca0310150496867f5b9421fe1541ecda87fae17eae44885a29f9c52dd00c8ff,2963
    pantry-tree:
      size: 1105
      sha256: e7c1d26202b80d1fca2ef780ec7fe76ede1275f4d9a996c6d44c08d8de1c45db
  original:
    hackage: primitive-extras-0.8
- completed:
    hackage: primitive-unlifted-0.1.3.0@sha256:a98f827740f5dcf097d885b3a47c32f4462204449620abc9d51b8c4f8619f9e6,1427
    pantry-tree:
      size: 420
      sha256: c882dca2a96b98d02b0d21875b651edb11ac67d90e736c0de7a92c410a19eb7f
  original:
    hackage: primitive-unlifted-0.1.3.0
- completed:
    hackage: prettyprinter-1.7.0@sha256:6a9569e21fa61163a7f066d23d701e23e917893e8f39733d6e617ec72787ae5f,6007
    pantry-tree:
      size: 3194
      sha256: d22f820a1f63497f7fd7e1f04b7d356d92de35582258f6ad55428c88b09e63ff
  original:
    hackage: prettyprinter-1.7.0
- completed:
    hackage: prettyprinter-ansi-terminal-1.1.2@sha256:90b3b7650bc5b9f0e58da43621d23c817acfc0cf5ce71244b9bd11b8c9f95e3a,2653
    pantry-tree:
      size: 820
      sha256: c88bd6ddbc7c3f04b4fb70d86483abc177db1435462056ad24f8738e1d84d640
  original:
    hackage: prettyprinter-ansi-terminal-1.1.2
- completed:
    hackage: base16-bytestring-1.0.1.0@sha256:33b9d57afa334d06485033e930c6b13fc760baf88fd8f715ae2f9a4b46e19a54,2641
    pantry-tree:
      size: 595
      sha256: 24661ef9b1089d468227300f8ceb89194b5cce68b9f6ed8109b01f63c07f54e3
  original:
    hackage: base16-bytestring-1.0.1.0
- completed:
    hackage: modern-uri-0.3.4.0@sha256:cb8deb10c641e4c004080b93ffa7edad84eb66ec6a4b2a0f10ef30477eb5ee89,3414
    pantry-tree:
      size: 1043
      sha256: f94f775bd1c699d1d784ce4c8e636466bf36b34586f969471639e1c1089525ab
  original:
    hackage: modern-uri-0.3.4.0
snapshots:
- completed:
    size: 534126
    url: https://raw.githubusercontent.com/commercialhaskell/stackage-snapshots/master/lts/16/31.yaml
    sha256: 637fb77049b25560622a224845b7acfe81a09fdb6a96a3c75997a10b651667f6
  original:
    url: https://raw.githubusercontent.com/commercialhaskell/stackage-snapshots/master/lts/16/31.yaml
